// !$*UTF8*$!
{
	archiveVersion = 1;
	classes = {
	};
	objectVersion = 50;
	objects = {

/* Begin PBXBuildFile section */
		F7E383DF254A0148002551DB /* AppDelegate.swift in Sources */ = {isa = PBXBuildFile; fileRef = F7E383DE254A0148002551DB /* AppDelegate.swift */; };
		F7E383E1254A0148002551DB /* SceneDelegate.swift in Sources */ = {isa = PBXBuildFile; fileRef = F7E383E0254A0148002551DB /* SceneDelegate.swift */; };
		F7E383E3254A0148002551DB /* ViewController.swift in Sources */ = {isa = PBXBuildFile; fileRef = F7E383E2254A0148002551DB /* ViewController.swift */; };
		F7E383E6254A0148002551DB /* Main.storyboard in Resources */ = {isa = PBXBuildFile; fileRef = F7E383E4254A0148002551DB /* Main.storyboard */; };
		F7E383E9254A0148002551DB /* TextFieldLecture2.xcdatamodeld in Sources */ = {isa = PBXBuildFile; fileRef = F7E383E7254A0148002551DB /* TextFieldLecture2.xcdatamodeld */; };
		F7E383EB254A0149002551DB /* Assets.xcassets in Resources */ = {isa = PBXBuildFile; fileRef = F7E383EA254A0149002551DB /* Assets.xcassets */; };
		F7E383EE254A0149002551DB /* LaunchScreen.storyboard in Resources */ = {isa = PBXBuildFile; fileRef = F7E383EC254A0149002551DB /* LaunchScreen.storyboard */; };
		F7E383F9254A0149002551DB /* TextFieldLecture2Tests.swift in Sources */ = {isa = PBXBuildFile; fileRef = F7E383F8254A0149002551DB /* TextFieldLecture2Tests.swift */; };
		F7E38404254A0149002551DB /* TextFieldLecture2UITests.swift in Sources */ = {isa = PBXBuildFile; fileRef = F7E38403254A0149002551DB /* TextFieldLecture2UITests.swift */; };
/* End PBXBuildFile section */

/* Begin PBXContainerItemProxy section */
		F7E383F5254A0149002551DB /* PBXContainerItemProxy */ = {
			isa = PBXContainerItemProxy;
			containerPortal = F7E383D3254A0148002551DB /* Project object */;
			proxyType = 1;
			remoteGlobalIDString = F7E383DA254A0148002551DB;
			remoteInfo = TextFieldLecture2;
		};
		F7E38400254A0149002551DB /* PBXContainerItemProxy */ = {
			isa = PBXContainerItemProxy;
			containerPortal = F7E383D3254A0148002551DB /* Project object */;
			proxyType = 1;
			remoteGlobalIDString = F7E383DA254A0148002551DB;
			remoteInfo = TextFieldLecture2;
		};
/* End PBXContainerItemProxy section */

/* Begin PBXFileReference section */
		F7E383DB254A0148002551DB /* TextFieldLecture2.app */ = {isa = PBXFileReference; explicitFileType = wrapper.application; includeInIndex = 0; path = TextFieldLecture2.app; sourceTree = BUILT_PRODUCTS_DIR; };
		F7E383DE254A0148002551DB /* AppDelegate.swift */ = {isa = PBXFileReference; lastKnownFileType = sourcecode.swift; path = AppDelegate.swift; sourceTree = "<group>"; };
		F7E383E0254A0148002551DB /* SceneDelegate.swift */ = {isa = PBXFileReference; lastKnownFileType = sourcecode.swift; path = SceneDelegate.swift; sourceTree = "<group>"; };
		F7E383E2254A0148002551DB /* ViewController.swift */ = {isa = PBXFileReference; lastKnownFileType = sourcecode.swift; path = ViewController.swift; sourceTree = "<group>"; };
		F7E383E5254A0148002551DB /* Base */ = {isa = PBXFileReference; lastKnownFileType = file.storyboard; name = Base; path = Base.lproj/Main.storyboard; sourceTree = "<group>"; };
		F7E383E8254A0148002551DB /* TextFieldLecture2.xcdatamodel */ = {isa = PBXFileReference; lastKnownFileType = wrapper.xcdatamodel; path = TextFieldLecture2.xcdatamodel; sourceTree = "<group>"; };
		F7E383EA254A0149002551DB /* Assets.xcassets */ = {isa = PBXFileReference; lastKnownFileType = folder.assetcatalog; path = Assets.xcassets; sourceTree = "<group>"; };
		F7E383ED254A0149002551DB /* Base */ = {isa = PBXFileReference; lastKnownFileType = file.storyboard; name = Base; path = Base.lproj/LaunchScreen.storyboard; sourceTree = "<group>"; };
		F7E383EF254A0149002551DB /* Info.plist */ = {isa = PBXFileReference; lastKnownFileType = text.plist.xml; path = Info.plist; sourceTree = "<group>"; };
		F7E383F4254A0149002551DB /* TextFieldLecture2Tests.xctest */ = {isa = PBXFileReference; explicitFileType = wrapper.cfbundle; includeInIndex = 0; path = TextFieldLecture2Tests.xctest; sourceTree = BUILT_PRODUCTS_DIR; };
		F7E383F8254A0149002551DB /* TextFieldLecture2Tests.swift */ = {isa = PBXFileReference; lastKnownFileType = sourcecode.swift; path = TextFieldLecture2Tests.swift; sourceTree = "<group>"; };
		F7E383FA254A0149002551DB /* Info.plist */ = {isa = PBXFileReference; lastKnownFileType = text.plist.xml; path = Info.plist; sourceTree = "<group>"; };
		F7E383FF254A0149002551DB /* TextFieldLecture2UITests.xctest */ = {isa = PBXFileReference; explicitFileType = wrapper.cfbundle; includeInIndex = 0; path = TextFieldLecture2UITests.xctest; sourceTree = BUILT_PRODUCTS_DIR; };
		F7E38403254A0149002551DB /* TextFieldLecture2UITests.swift */ = {isa = PBXFileReference; lastKnownFileType = sourcecode.swift; path = TextFieldLecture2UITests.swift; sourceTree = "<group>"; };
		F7E38405254A0149002551DB /* Info.plist */ = {isa = PBXFileReference; lastKnownFileType = text.plist.xml; path = Info.plist; sourceTree = "<group>"; };
/* End PBXFileReference section */

/* Begin PBXFrameworksBuildPhase section */
		F7E383D8254A0148002551DB /* Frameworks */ = {
			isa = PBXFrameworksBuildPhase;
			buildActionMask = 2147483647;
			files = (
			);
			runOnlyForDeploymentPostprocessing = 0;
		};
		F7E383F1254A0149002551DB /* Frameworks */ = {
			isa = PBXFrameworksBuildPhase;
			buildActionMask = 2147483647;
			files = (
			);
			runOnlyForDeploymentPostprocessing = 0;
		};
		F7E383FC254A0149002551DB /* Frameworks */ = {
			isa = PBXFrameworksBuildPhase;
			buildActionMask = 2147483647;
			files = (
			);
			runOnlyForDeploymentPostprocessing = 0;
		};
/* End PBXFrameworksBuildPhase section */

/* Begin PBXGroup section */
		F7E383D2254A0148002551DB = {
			isa = PBXGroup;
			children = (
				F7E383DD254A0148002551DB /* TextFieldLecture2 */,
				F7E383F7254A0149002551DB /* TextFieldLecture2Tests */,
				F7E38402254A0149002551DB /* TextFieldLecture2UITests */,
				F7E383DC254A0148002551DB /* Products */,
			);
			sourceTree = "<group>";
		};
		F7E383DC254A0148002551DB /* Products */ = {
			isa = PBXGroup;
			children = (
				F7E383DB254A0148002551DB /* TextFieldLecture2.app */,
				F7E383F4254A0149002551DB /* TextFieldLecture2Tests.xctest */,
				F7E383FF254A0149002551DB /* TextFieldLecture2UITests.xctest */,
			);
			name = Products;
			sourceTree = "<group>";
		};
		F7E383DD254A0148002551DB /* TextFieldLecture2 */ = {
			isa = PBXGroup;
			children = (
				F7E383DE254A0148002551DB /* AppDelegate.swift */,
				F7E383E0254A0148002551DB /* SceneDelegate.swift */,
				F7E383E2254A0148002551DB /* ViewController.swift */,
				F7E383E4254A0148002551DB /* Main.storyboard */,
				F7E383EA254A0149002551DB /* Assets.xcassets */,
				F7E383EC254A0149002551DB /* LaunchScreen.storyboard */,
				F7E383EF254A0149002551DB /* Info.plist */,
				F7E383E7254A0148002551DB /* TextFieldLecture2.xcdatamodeld */,
			);
			path = TextFieldLecture2;
			sourceTree = "<group>";
		};
		F7E383F7254A0149002551DB /* TextFieldLecture2Tests */ = {
			isa = PBXGroup;
			children = (
				F7E383F8254A0149002551DB /* TextFieldLecture2Tests.swift */,
				F7E383FA254A0149002551DB /* Info.plist */,
			);
			path = TextFieldLecture2Tests;
			sourceTree = "<group>";
		};
		F7E38402254A0149002551DB /* TextFieldLecture2UITests */ = {
			isa = PBXGroup;
			children = (
				F7E38403254A0149002551DB /* TextFieldLecture2UITests.swift */,
				F7E38405254A0149002551DB /* Info.plist */,
			);
			path = TextFieldLecture2UITests;
			sourceTree = "<group>";
		};
/* End PBXGroup section */

/* Begin PBXNativeTarget section */
		F7E383DA254A0148002551DB /* TextFieldLecture2 */ = {
			isa = PBXNativeTarget;
			buildConfigurationList = F7E38408254A0149002551DB /* Build configuration list for PBXNativeTarget "TextFieldLecture2" */;
			buildPhases = (
				F7E383D7254A0148002551DB /* Sources */,
				F7E383D8254A0148002551DB /* Frameworks */,
				F7E383D9254A0148002551DB /* Resources */,
			);
			buildRules = (
			);
			dependencies = (
			);
			name = TextFieldLecture2;
			productName = TextFieldLecture2;
			productReference = F7E383DB254A0148002551DB /* TextFieldLecture2.app */;
			productType = "com.apple.product-type.application";
		};
		F7E383F3254A0149002551DB /* TextFieldLecture2Tests */ = {
			isa = PBXNativeTarget;
			buildConfigurationList = F7E3840B254A0149002551DB /* Build configuration list for PBXNativeTarget "TextFieldLecture2Tests" */;
			buildPhases = (
				F7E383F0254A0149002551DB /* Sources */,
				F7E383F1254A0149002551DB /* Frameworks */,
				F7E383F2254A0149002551DB /* Resources */,
			);
			buildRules = (
			);
			dependencies = (
				F7E383F6254A0149002551DB /* PBXTargetDependency */,
			);
			name = TextFieldLecture2Tests;
			productName = TextFieldLecture2Tests;
			productReference = F7E383F4254A0149002551DB /* TextFieldLecture2Tests.xctest */;
			productType = "com.apple.product-type.bundle.unit-test";
		};
		F7E383FE254A0149002551DB /* TextFieldLecture2UITests */ = {
			isa = PBXNativeTarget;
			buildConfigurationList = F7E3840E254A0149002551DB /* Build configuration list for PBXNativeTarget "TextFieldLecture2UITests" */;
			buildPhases = (
				F7E383FB254A0149002551DB /* Sources */,
				F7E383FC254A0149002551DB /* Frameworks */,
				F7E383FD254A0149002551DB /* Resources */,
			);
			buildRules = (
			);
			dependencies = (
				F7E38401254A0149002551DB /* PBXTargetDependency */,
			);
			name = TextFieldLecture2UITests;
			productName = TextFieldLecture2UITests;
			productReference = F7E383FF254A0149002551DB /* TextFieldLecture2UITests.xctest */;
			productType = "com.apple.product-type.bundle.ui-testing";
		};
/* End PBXNativeTarget section */

/* Begin PBXProject section */
		F7E383D3254A0148002551DB /* Project object */ = {
			isa = PBXProject;
			attributes = {
				LastSwiftUpdateCheck = 1130;
				LastUpgradeCheck = 1130;
				ORGANIZATIONNAME = user172370;
				TargetAttributes = {
					F7E383DA254A0148002551DB = {
						CreatedOnToolsVersion = 11.3.1;
					};
					F7E383F3254A0149002551DB = {
						CreatedOnToolsVersion = 11.3.1;
						TestTargetID = F7E383DA254A0148002551DB;
					};
					F7E383FE254A0149002551DB = {
						CreatedOnToolsVersion = 11.3.1;
						TestTargetID = F7E383DA254A0148002551DB;
					};
				};
			};
			buildConfigurationList = F7E383D6254A0148002551DB /* Build configuration list for PBXProject "TextFieldLecture2" */;
			compatibilityVersion = "Xcode 9.3";
			developmentRegion = en;
			hasScannedForEncodings = 0;
			knownRegions = (
				en,
				Base,
			);
			mainGroup = F7E383D2254A0148002551DB;
			productRefGroup = F7E383DC254A0148002551DB /* Products */;
			projectDirPath = "";
			projectRoot = "";
			targets = (
				F7E383DA254A0148002551DB /* TextFieldLecture2 */,
				F7E383F3254A0149002551DB /* TextFieldLecture2Tests */,
				F7E383FE254A0149002551DB /* TextFieldLecture2UITests */,
			);
		};
/* End PBXProject section */

/* Begin PBXResourcesBuildPhase section */
		F7E383D9254A0148002551DB /* Resources */ = {
			isa = PBXResourcesBuildPhase;
			buildActionMask = 2147483647;
			files = (
				F7E383EE254A0149002551DB /* LaunchScreen.storyboard in Resources */,
				F7E383EB254A0149002551DB /* Assets.xcassets in Resources */,
				F7E383E6254A0148002551DB /* Main.storyboard in Resources */,
			);
			runOnlyForDeploymentPostprocessing = 0;
		};
		F7E383F2254A0149002551DB /* Resources */ = {
			isa = PBXResourcesBuildPhase;
			buildActionMask = 2147483647;
			files = (
			);
			runOnlyForDeploymentPostprocessing = 0;
		};
		F7E383FD254A0149002551DB /* Resources */ = {
			isa = PBXResourcesBuildPhase;
			buildActionMask = 2147483647;
			files = (
			);
			runOnlyForDeploymentPostprocessing = 0;
		};
/* End PBXResourcesBuildPhase section */

/* Begin PBXSourcesBuildPhase section */
		F7E383D7254A0148002551DB /* Sources */ = {
			isa = PBXSourcesBuildPhase;
			buildActionMask = 2147483647;
			files = (
				F7E383E3254A0148002551DB /* ViewController.swift in Sources */,
				F7E383E9254A0148002551DB /* TextFieldLecture2.xcdatamodeld in Sources */,
				F7E383DF254A0148002551DB /* AppDelegate.swift in Sources */,
				F7E383E1254A0148002551DB /* SceneDelegate.swift in Sources */,
			);
			runOnlyForDeploymentPostprocessing = 0;
		};
		F7E383F0254A0149002551DB /* Sources */ = {
			isa = PBXSourcesBuildPhase;
			buildActionMask = 2147483647;
			files = (
				F7E383F9254A0149002551DB /* TextFieldLecture2Tests.swift in Sources */,
			);
			runOnlyForDeploymentPostprocessing = 0;
		};
		F7E383FB254A0149002551DB /* Sources */ = {
			isa = PBXSourcesBuildPhase;
			buildActionMask = 2147483647;
			files = (
				F7E38404254A0149002551DB /* TextFieldLecture2UITests.swift in Sources */,
			);
			runOnlyForDeploymentPostprocessing = 0;
		};
/* End PBXSourcesBuildPhase section */

/* Begin PBXTargetDependency section */
		F7E383F6254A0149002551DB /* PBXTargetDependency */ = {
			isa = PBXTargetDependency;
			target = F7E383DA254A0148002551DB /* TextFieldLecture2 */;
			targetProxy = F7E383F5254A0149002551DB /* PBXContainerItemProxy */;
		};
		F7E38401254A0149002551DB /* PBXTargetDependency */ = {
			isa = PBXTargetDependency;
			target = F7E383DA254A0148002551DB /* TextFieldLecture2 */;
			targetProxy = F7E38400254A0149002551DB /* PBXContainerItemProxy */;
		};
/* End PBXTargetDependency section */

/* Begin PBXVariantGroup section */
		F7E383E4254A0148002551DB /* Main.storyboard */ = {
			isa = PBXVariantGroup;
			children = (
				F7E383E5254A0148002551DB /* Base */,
			);
			name = Main.storyboard;
			sourceTree = "<group>";
		};
		F7E383EC254A0149002551DB /* LaunchScreen.storyboard */ = {
			isa = PBXVariantGroup;
			children = (
				F7E383ED254A0149002551DB /* Base */,
			);
			name = LaunchScreen.storyboard;
			sourceTree = "<group>";
		};
/* End PBXVariantGroup section */

/* Begin XCBuildConfiguration section */
		F7E38406254A0149002551DB /* Debug */ = {
			isa = XCBuildConfiguration;
			buildSettings = {
				ALWAYS_SEARCH_USER_PATHS = NO;
				CLANG_ANALYZER_NONNULL = YES;
				CLANG_ANALYZER_NUMBER_OBJECT_CONVERSION = YES_AGGRESSIVE;
				CLANG_CXX_LANGUAGE_STANDARD = "gnu++14";
				CLANG_CXX_LIBRARY = "libc++";
				CLANG_ENABLE_MODULES = YES;
				CLANG_ENABLE_OBJC_ARC = YES;
				CLANG_ENABLE_OBJC_WEAK = YES;
				CLANG_WARN_BLOCK_CAPTURE_AUTORELEASING = YES;
				CLANG_WARN_BOOL_CONVERSION = YES;
				CLANG_WARN_COMMA = YES;
				CLANG_WARN_CONSTANT_CONVERSION = YES;
				CLANG_WARN_DEPRECATED_OBJC_IMPLEMENTATIONS = YES;
				CLANG_WARN_DIRECT_OBJC_ISA_USAGE = YES_ERROR;
				CLANG_WARN_DOCUMENTATION_COMMENTS = YES;
				CLANG_WARN_EMPTY_BODY = YES;
				CLANG_WARN_ENUM_CONVERSION = YES;
				CLANG_WARN_INFINITE_RECURSION = YES;
				CLANG_WARN_INT_CONVERSION = YES;
				CLANG_WARN_NON_LITERAL_NULL_CONVERSION = YES;
				CLANG_WARN_OBJC_IMPLICIT_RETAIN_SELF = YES;
				CLANG_WARN_OBJC_LITERAL_CONVERSION = YES;
				CLANG_WARN_OBJC_ROOT_CLASS = YES_ERROR;
				CLANG_WARN_RANGE_LOOP_ANALYSIS = YES;
				CLANG_WARN_STRICT_PROTOTYPES = YES;
				CLANG_WARN_SUSPICIOUS_MOVE = YES;
				CLANG_WARN_UNGUARDED_AVAILABILITY = YES_AGGRESSIVE;
				CLANG_WARN_UNREACHABLE_CODE = YES;
				CLANG_WARN__DUPLICATE_METHOD_MATCH = YES;
				COPY_PHASE_STRIP = NO;
				DEBUG_INFORMATION_FORMAT = dwarf;
				ENABLE_STRICT_OBJC_MSGSEND = YES;
				ENABLE_TESTABILITY = YES;
				GCC_C_LANGUAGE_STANDARD = gnu11;
				GCC_DYNAMIC_NO_PIC = NO;
				GCC_NO_COMMON_BLOCKS = YES;
				GCC_OPTIMIZATION_LEVEL = 0;
				GCC_PREPROCESSOR_DEFINITIONS = (
					"DEBUG=1",
					"$(inherited)",
				);
				GCC_WARN_64_TO_32_BIT_CONVERSION = YES;
				GCC_WARN_ABOUT_RETURN_TYPE = YES_ERROR;
				GCC_WARN_UNDECLARED_SELECTOR = YES;
				GCC_WARN_UNINITIALIZED_AUTOS = YES_AGGRESSIVE;
				GCC_WARN_UNUSED_FUNCTION = YES;
				GCC_WARN_UNUSED_VARIABLE = YES;
				IPHONEOS_DEPLOYMENT_TARGET = 13.2;
				MTL_ENABLE_DEBUG_INFO = INCLUDE_SOURCE;
				MTL_FAST_MATH = YES;
				ONLY_ACTIVE_ARCH = YES;
				SDKROOT = iphoneos;
				SWIFT_ACTIVE_COMPILATION_CONDITIONS = DEBUG;
				SWIFT_OPTIMIZATION_LEVEL = "-Onone";
			};
			name = Debug;
		};
		F7E38407254A0149002551DB /* Release */ = {
			isa = XCBuildConfiguration;
			buildSettings = {
				ALWAYS_SEARCH_USER_PATHS = NO;
				CLANG_ANALYZER_NONNULL = YES;
				CLANG_ANALYZER_NUMBER_OBJECT_CONVERSION = YES_AGGRESSIVE;
				CLANG_CXX_LANGUAGE_STANDARD = "gnu++14";
				CLANG_CXX_LIBRARY = "libc++";
				CLANG_ENABLE_MODULES = YES;
				CLANG_ENABLE_OBJC_ARC = YES;
				CLANG_ENABLE_OBJC_WEAK = YES;
				CLANG_WARN_BLOCK_CAPTURE_AUTORELEASING = YES;
				CLANG_WARN_BOOL_CONVERSION = YES;
				CLANG_WARN_COMMA = YES;
				CLANG_WARN_CONSTANT_CONVERSION = YES;
				CLANG_WARN_DEPRECATED_OBJC_IMPLEMENTATIONS = YES;
				CLANG_WARN_DIRECT_OBJC_ISA_USAGE = YES_ERROR;
				CLANG_WARN_DOCUMENTATION_COMMENTS = YES;
				CLANG_WARN_EMPTY_BODY = YES;
				CLANG_WARN_ENUM_CONVERSION = YES;
				CLANG_WARN_INFINITE_RECURSION = YES;
				CLANG_WARN_INT_CONVERSION = YES;
				CLANG_WARN_NON_LITERAL_NULL_CONVERSION = YES;
				CLANG_WARN_OBJC_IMPLICIT_RETAIN_SELF = YES;
				CLANG_WARN_OBJC_LITERAL_CONVERSION = YES;
				CLANG_WARN_OBJC_ROOT_CLASS = YES_ERROR;
				CLANG_WARN_RANGE_LOOP_ANALYSIS = YES;
				CLANG_WARN_STRICT_PROTOTYPES = YES;
				CLANG_WARN_SUSPICIOUS_MOVE = YES;
				CLANG_WARN_UNGUARDED_AVAILABILITY = YES_AGGRESSIVE;
				CLANG_WARN_UNREACHABLE_CODE = YES;
				CLANG_WARN__DUPLICATE_METHOD_MATCH = YES;
				COPY_PHASE_STRIP = NO;
				DEBUG_INFORMATION_FORMAT = "dwarf-with-dsym";
				ENABLE_NS_ASSERTIONS = NO;
				ENABLE_STRICT_OBJC_MSGSEND = YES;
				GCC_C_LANGUAGE_STANDARD = gnu11;
				GCC_NO_COMMON_BLOCKS = YES;
				GCC_WARN_64_TO_32_BIT_CONVERSION = YES;
				GCC_WARN_ABOUT_RETURN_TYPE = YES_ERROR;
				GCC_WARN_UNDECLARED_SELECTOR = YES;
				GCC_WARN_UNINITIALIZED_AUTOS = YES_AGGRESSIVE;
				GCC_WARN_UNUSED_FUNCTION = YES;
				GCC_WARN_UNUSED_VARIABLE = YES;
				IPHONEOS_DEPLOYMENT_TARGET = 13.2;
				MTL_ENABLE_DEBUG_INFO = NO;
				MTL_FAST_MATH = YES;
				SDKROOT = iphoneos;
				SWIFT_COMPILATION_MODE = wholemodule;
				SWIFT_OPTIMIZATION_LEVEL = "-O";
				VALIDATE_PRODUCT = YES;
			};
			name = Release;
		};
		F7E38409254A0149002551DB /* Debug */ = {
			isa = XCBuildConfiguration;
			buildSettings = {
				ASSETCATALOG_COMPILER_APPICON_NAME = AppIcon;
				CODE_SIGN_STYLE = Automatic;
				INFOPLIST_FILE = TextFieldLecture2/Info.plist;
				LD_RUNPATH_SEARCH_PATHS = (
					"$(inherited)",
					"@executable_path/Frameworks",
				);
				PRODUCT_BUNDLE_IDENTIFIER = JHHS.622323.TextFieldLecture2;
				PRODUCT_NAME = "$(TARGET_NAME)";
				SWIFT_VERSION = 5.0;
				TARGETED_DEVICE_FAMILY = "1,2";
			};
			name = Debug;
		};
		F7E3840A254A0149002551DB /* Release */ = {
			isa = XCBuildConfiguration;
			buildSettings = {
				ASSETCATALOG_COMPILER_APPICON_NAME = AppIcon;
				CODE_SIGN_STYLE = Automatic;
				INFOPLIST_FILE = TextFieldLecture2/Info.plist;
				LD_RUNPATH_SEARCH_PATHS = (
					"$(inherited)",
					"@executable_path/Frameworks",
				);
				PRODUCT_BUNDLE_IDENTIFIER = JHHS.622323.TextFieldLecture2;
				PRODUCT_NAME = "$(TARGET_NAME)";
				SWIFT_VERSION = 5.0;
				TARGETED_DEVICE_FAMILY = "1,2";
			};
			name = Release;
		};
		F7E3840C254A0149002551DB /* Debug */ = {
			isa = XCBuildConfiguration;
			buildSettings = {
				ALWAYS_EMBED_SWIFT_STANDARD_LIBRARIES = YES;
				BUNDLE_LOADER = "$(TEST_HOST)";
				CODE_SIGN_STYLE = Automatic;
				INFOPLIST_FILE = TextFieldLecture2Tests/Info.plist;
				IPHONEOS_DEPLOYMENT_TARGET = 13.2;
				LD_RUNPATH_SEARCH_PATHS = (
					"$(inherited)",
					"@executable_path/Frameworks",
					"@loader_path/Frameworks",
				);
				PRODUCT_BUNDLE_IDENTIFIER = JHHS.622323.TextFieldLecture2Tests;
				PRODUCT_NAME = "$(TARGET_NAME)";
				SWIFT_VERSION = 5.0;
				TARGETED_DEVICE_FAMILY = "1,2";
				TEST_HOST = "$(BUILT_PRODUCTS_DIR)/TextFieldLecture2.app/TextFieldLecture2";
			};
			name = Debug;
		};
		F7E3840D254A0149002551DB /* Release */ = {
			isa = XCBuildConfiguration;
			buildSettings = {
				ALWAYS_EMBED_SWIFT_STANDARD_LIBRARIES = YES;
				BUNDLE_LOADER = "$(TEST_HOST)";
				CODE_SIGN_STYLE = Automatic;
				INFOPLIST_FILE = TextFieldLecture2Tests/Info.plist;
				IPHONEOS_DEPLOYMENT_TARGET = 13.2;
				LD_RUNPATH_SEARCH_PATHS = (
					"$(inherited)",
					"@executable_path/Frameworks",
					"@loader_path/Frameworks",
				);
				PRODUCT_BUNDLE_IDENTIFIER = JHHS.622323.TextFieldLecture2Tests;
				PRODUCT_NAME = "$(TARGET_NAME)";
				SWIFT_VERSION = 5.0;
				TARGETED_DEVICE_FAMILY = "1,2";
				TEST_HOST = "$(BUILT_PRODUCTS_DIR)/TextFieldLecture2.app/TextFieldLecture2";
			};
			name = Release;
		};
		F7E3840F254A0149002551DB /* Debug */ = {
			isa = XCBuildConfiguration;
			buildSettings = {
				ALWAYS_EMBED_SWIFT_STANDARD_LIBRARIES = YES;
				CODE_SIGN_STYLE = Automatic;
				INFOPLIST_FILE = TextFieldLecture2UITests/Info.plist;
				LD_RUNPATH_SEARCH_PATHS = (
					"$(inherited)",
					"@executable_path/Frameworks",
					"@loader_path/Frameworks",
				);
				PRODUCT_BUNDLE_IDENTIFIER = JHHS.622323.TextFieldLecture2UITests;
				PRODUCT_NAME = "$(TARGET_NAME)";
				SWIFT_VERSION = 5.0;
				TARGETED_DEVICE_FAMILY = "1,2";
				TEST_TARGET_NAME = TextFieldLecture2;
			};
			name = Debug;
		};
		F7E38410254A0149002551DB /* Release */ = {
			isa = XCBuildConfiguration;
			buildSettings = {
				ALWAYS_EMBED_SWIFT_STANDARD_LIBRARIES = YES;
				CODE_SIGN_STYLE = Automatic;
				INFOPLIST_FILE = TextFieldLecture2UITests/Info.plist;
				LD_RUNPATH_SEARCH_PATHS = (
					"$(inherited)",
					"@executable_path/Frameworks",
					"@loader_path/Frameworks",
				);
				PRODUCT_BUNDLE_IDENTIFIER = JHHS.622323.TextFieldLecture2UITests;
				PRODUCT_NAME = "$(TARGET_NAME)";
				SWIFT_VERSION = 5.0;
				TARGETED_DEVICE_FAMILY = "1,2";
				TEST_TARGET_NAME = TextFieldLecture2;
			};
			name = Release;
		};
/* End XCBuildConfiguration section */

/* Begin XCConfigurationList section */
		F7E383D6254A0148002551DB /* Build configuration list for PBXProject "TextFieldLecture2" */ = {
			isa = XCConfigurationList;
			buildConfigurations = (
				F7E38406254A0149002551DB /* Debug */,
				F7E38407254A0149002551DB /* Release */,
			);
			defaultConfigurationIsVisible = 0;
			defaultConfigurationName = Release;
		};
		F7E38408254A0149002551DB /* Build configuration list for PBXNativeTarget "TextFieldLecture2" */ = {
			isa = XCConfigurationList;
			buildConfigurations = (
				F7E38409254A0149002551DB /* Debug */,
				F7E3840A254A0149002551DB /* Release */,
			);
			defaultConfigurationIsVisible = 0;
			defaultConfigurationName = Release;
		};
		F7E3840B254A0149002551DB /* Build configuration list for PBXNativeTarget "TextFieldLecture2Tests" */ = {
			isa = XCConfigurationList;
			buildConfigurations = (
				F7E3840C254A0149002551DB /* Debug */,
				F7E3840D254A0149002551DB /* Release */,
			);
			defaultConfigurationIsVisible = 0;
			defaultConfigurationName = Release;
		};
		F7E3840E254A0149002551DB /* Build configuration list for PBXNativeTarget "TextFieldLecture2UITests" */ = {
			isa = XCConfigurationList;
			buildConfigurations = (
				F7E3840F254A0149002551DB /* Debug */,
				F7E38410254A0149002551DB /* Release */,
			);
			defaultConfigurationIsVisible = 0;
			defaultConfigurationName = Release;
		};
/* End XCConfigurationList section */

/* Begin XCVersionGroup section */
		F7E383E7254A0148002551DB /* TextFieldLecture2.xcdatamodeld */ = {
			isa = XCVersionGroup;
			children = (
				F7E383E8254A0148002551DB /* TextFieldLecture2.xcdatamodel */,
			);
			currentVersion = F7E383E8254A0148002551DB /* TextFieldLecture2.xcdatamodel */;
			path = TextFieldLecture2.xcdatamodeld;
			sourceTree = "<group>";
			versionGroupType = wrapper.xcdatamodel;
		};
/* End XCVersionGroup section */
	};
	rootObject = F7E383D3254A0148002551DB /* Project object */;
}
